
Microsoft Visual Studio Solution File, Format Version 12.00
# Visual Studio 2012
Project("{FAE04EC0-301F-11D3-BF4B-00C04F79EFBC}") = "Xervizio", "Xervizio\Xervizio.csproj", "{9B2B70BE-19CC-4748-9BE4-B2F4EAE95DCD}"
EndProject
Project("{FAE04EC0-301F-11D3-BF4B-00C04F79EFBC}") = "Xervizio.Host.Standalone", "Xervizio.Host.Standalone\Xervizio.Host.Standalone.csproj", "{7E951842-DA7D-4767-95E3-5E2F1F6AD973}"
EndProject
Project("{FAE04EC0-301F-11D3-BF4B-00C04F79EFBC}") = "TestPlugin", "TestPlugin\TestPlugin.csproj", "{06992E88-3436-4282-8916-B5E834A88BE0}"
EndProject
Project("{2150E333-8FDC-42A3-9474-1A3956D46DE8}") = ".nuget", ".nuget", "{F9070D46-9306-43F5-B887-F912439D4712}"
	ProjectSection(SolutionItems) = preProject
		.nuget\NuGet.Config = .nuget\NuGet.Config
		.nuget\NuGet.exe = .nuget\NuGet.exe
		.nuget\NuGet.targets = .nuget\NuGet.targets
	EndProjectSection
EndProject
Project("{FAE04EC0-301F-11D3-BF4B-00C04F79EFBC}") = "Xervizio.Plugins.WebSwitch", "Xervizio.Plugins.WebSwitch\Xervizio.Plugins.WebSwitch.csproj", "{BCFE6B3C-DE27-4E8C-BBB2-B7A24F72CEB3}"
EndProject
Project("{2150E333-8FDC-42A3-9474-1A3956D46DE8}") = "Plugins", "Plugins", "{61F35464-6166-4CF8-BA6B-D9C5DE8107BD}"
EndProject
Project("{2150E333-8FDC-42A3-9474-1A3956D46DE8}") = "WebSwitch", "WebSwitch", "{102FD99B-75AA-460F-B453-E140F4CAC787}"
EndProject
Project("{FAE04EC0-301F-11D3-BF4B-00C04F79EFBC}") = "Xervizio.Plugins.WebSwitch.Remote", "Xervizio.Plugins.WebSwitch.Remote\Xervizio.Plugins.WebSwitch.Remote.csproj", "{C5E57AE7-A497-4B71-BF3E-D889E617BF4B}"
EndProject
Project("{FAE04EC0-301F-11D3-BF4B-00C04F79EFBC}") = "Xervizio.Plugins.AppMonitor", "GreeNova.AppMonitor\Xervizio.Plugins.AppMonitor.csproj", "{1E0B42A2-4B3C-4E5D-9E33-1AFE394EC062}"
EndProject
Global
	GlobalSection(SolutionConfigurationPlatforms) = preSolution
		Debug|Any CPU = Debug|Any CPU
		Release|Any CPU = Release|Any CPU
	EndGlobalSection
	GlobalSection(ProjectConfigurationPlatforms) = postSolution
		{9B2B70BE-19CC-4748-9BE4-B2F4EAE95DCD}.Debug|Any CPU.ActiveCfg = Debug|Any CPU
		{9B2B70BE-19CC-4748-9BE4-B2F4EAE95DCD}.Debug|Any CPU.Build.0 = Debug|Any CPU
		{9B2B70BE-19CC-4748-9BE4-B2F4EAE95DCD}.Release|Any CPU.ActiveCfg = Release|Any CPU
		{9B2B70BE-19CC-4748-9BE4-B2F4EAE95DCD}.Release|Any CPU.Build.0 = Release|Any CPU
		{7E951842-DA7D-4767-95E3-5E2F1F6AD973}.Debug|Any CPU.ActiveCfg = Debug|Any CPU
		{7E951842-DA7D-4767-95E3-5E2F1F6AD973}.Debug|Any CPU.Build.0 = Debug|Any CPU
		{7E951842-DA7D-4767-95E3-5E2F1F6AD973}.Release|Any CPU.ActiveCfg = Release|Any CPU
		{7E951842-DA7D-4767-95E3-5E2F1F6AD973}.Release|Any CPU.Build.0 = Release|Any CPU
		{06992E88-3436-4282-8916-B5E834A88BE0}.Debug|Any CPU.ActiveCfg = Debug|Any CPU
		{06992E88-3436-4282-8916-B5E834A88BE0}.Debug|Any CPU.Build.0 = Debug|Any CPU
		{06992E88-3436-4282-8916-B5E834A88BE0}.Release|Any CPU.ActiveCfg = Release|Any CPU
		{06992E88-3436-4282-8916-B5E834A88BE0}.Release|Any CPU.Build.0 = Release|Any CPU
		{BCFE6B3C-DE27-4E8C-BBB2-B7A24F72CEB3}.Debug|Any CPU.ActiveCfg = Debug|Any CPU
		{BCFE6B3C-DE27-4E8C-BBB2-B7A24F72CEB3}.Debug|Any CPU.Build.0 = Debug|Any CPU
		{BCFE6B3C-DE27-4E8C-BBB2-B7A24F72CEB3}.Release|Any CPU.ActiveCfg = Release|Any CPU
		{BCFE6B3C-DE27-4E8C-BBB2-B7A24F72CEB3}.Release|Any CPU.Build.0 = Release|Any CPU
		{C5E57AE7-A497-4B71-BF3E-D889E617BF4B}.Debug|Any CPU.ActiveCfg = Debug|Any CPU
		{C5E57AE7-A497-4B71-BF3E-D889E617BF4B}.Debug|Any CPU.Build.0 = Debug|Any CPU
		{C5E57AE7-A497-4B71-BF3E-D889E617BF4B}.Release|Any CPU.ActiveCfg = Release|Any CPU
		{C5E57AE7-A497-4B71-BF3E-D889E617BF4B}.Release|Any CPU.Build.0 = Release|Any CPU
		{1E0B42A2-4B3C-4E5D-9E33-1AFE394EC062}.Debug|Any CPU.ActiveCfg = Debug|Any CPU
		{1E0B42A2-4B3C-4E5D-9E33-1AFE394EC062}.Debug|Any CPU.Build.0 = Debug|Any CPU
		{1E0B42A2-4B3C-4E5D-9E33-1AFE394EC062}.Release|Any CPU.ActiveCfg = Release|Any CPU
		{1E0B42A2-4B3C-4E5D-9E33-1AFE394EC062}.Release|Any CPU.Build.0 = Release|Any CPU
	EndGlobalSection
	GlobalSection(SolutionProperties) = preSolution
		HideSolutionNode = FALSE
	EndGlobalSection
	GlobalSection(NestedProjects) = preSolution
		{102FD99B-75AA-460F-B453-E140F4CAC787} = {61F35464-6166-4CF8-BA6B-D9C5DE8107BD}
		{06992E88-3436-4282-8916-B5E834A88BE0} = {61F35464-6166-4CF8-BA6B-D9C5DE8107BD}
		{1E0B42A2-4B3C-4E5D-9E33-1AFE394EC062} = {61F35464-6166-4CF8-BA6B-D9C5DE8107BD}
		{BCFE6B3C-DE27-4E8C-BBB2-B7A24F72CEB3} = {102FD99B-75AA-460F-B453-E140F4CAC787}
		{C5E57AE7-A497-4B71-BF3E-D889E617BF4B} = {102FD99B-75AA-460F-B453-E140F4CAC787}
	EndGlobalSection
EndGlobal
